
Microsoft Visual Studio Solution File, Format Version 12.00
# Visual Studio Version 16
VisualStudioVersion = 16.0.30225.117
MinimumVisualStudioVersion = 10.0.40219.1
Project("{FAE04EC0-301F-11D3-BF4B-00C04F79EFBC}") = "tapon", "tapon\tapon.csproj", "{DB163563-66B7-40B7-BA0D-DA8035D296CD}"
EndProject
Global
	GlobalSection(SolutionConfigurationPlatforms) = preSolution
		Debug|Any CPU = Debug|Any CPU
		Release|Any CPU = Release|Any CPU
	EndGlobalSection
	GlobalSection(ProjectConfigurationPlatforms) = postSolution
		{DB163563-66B7-40B7-BA0D-DA8035D296CD}.Debug|Any CPU.ActiveCfg = Debug|Any CPU
		{DB163563-66B7-40B7-BA0D-DA8035D296CD}.Debug|Any CPU.Build.0 = Debug|Any CPU
		{DB163563-66B7-40B7-BA0D-DA8035D296CD}.Release|Any CPU.ActiveCfg = Release|Any CPU
		{DB163563-66B7-40B7-BA0D-DA8035D296CD}.Release|Any CPU.Build.0 = Release|Any CPU
	EndGlobalSection
	GlobalSection(SolutionProperties) = preSolution
		HideSolutionNode = FALSE
	EndGlobalSection
	GlobalSection(ExtensibilityGlobals) = postSolution
		SolutionGuid = {1C0068D1-9F62-4E7E-87EC-47CAE4493864}
	EndGlobalSection
EndGlobal
